
Microsoft Visual Studio Solution File, Format Version 12.00
# Visual Studio Version 17
VisualStudioVersion = 17.6.33815.320
MinimumVisualStudioVersion = 10.0.40219.1
Project("{FAE04EC0-301F-11D3-BF4B-00C04F79EFBC}") = "MutexTest", "MutexTest.csproj", "{B956876E-ABD7-4BDB-B849-8E547C5C3708}"
EndProject
Global
	GlobalSection(SolutionConfigurationPlatforms) = preSolution
		Debug|Any CPU = Debug|Any CPU
		Release|Any CPU = Release|Any CPU
	EndGlobalSection
	GlobalSection(ProjectConfigurationPlatforms) = postSolution
		{B956876E-ABD7-4BDB-B849-8E547C5C3708}.Debug|Any CPU.ActiveCfg = Debug|Any CPU
		{B956876E-ABD7-4BDB-B849-8E547C5C3708}.Debug|Any CPU.Build.0 = Debug|Any CPU
		{B956876E-ABD7-4BDB-B849-8E547C5C3708}.Release|Any CPU.ActiveCfg = Release|Any CPU
		{B956876E-ABD7-4BDB-B849-8E547C5C3708}.Release|Any CPU.Build.0 = Release|Any CPU
	EndGlobalSection
	GlobalSection(SolutionProperties) = preSolution
		HideSolutionNode = FALSE
	EndGlobalSection
	GlobalSection(ExtensibilityGlobals) = postSolution
		SolutionGuid = {8218999A-4729-4FB3-B4E6-64403E40D18D}
	EndGlobalSection
EndGlobal
