
Microsoft Visual Studio Solution File, Format Version 12.00
# Visual Studio Version 17
VisualStudioVersion = 17.6.33815.320
MinimumVisualStudioVersion = 10.0.40219.1
Project("{FAE04EC0-301F-11D3-BF4B-00C04F79EFBC}") = "StreamTest01", "StreamTest01.csproj", "{8C7C2629-7616-48AE-9261-E4B6835AD5FC}"
EndProject
Global
	GlobalSection(SolutionConfigurationPlatforms) = preSolution
		Debug|Any CPU = Debug|Any CPU
		Release|Any CPU = Release|Any CPU
	EndGlobalSection
	GlobalSection(ProjectConfigurationPlatforms) = postSolution
		{8C7C2629-7616-48AE-9261-E4B6835AD5FC}.Debug|Any CPU.ActiveCfg = Debug|Any CPU
		{8C7C2629-7616-48AE-9261-E4B6835AD5FC}.Debug|Any CPU.Build.0 = Debug|Any CPU
		{8C7C2629-7616-48AE-9261-E4B6835AD5FC}.Release|Any CPU.ActiveCfg = Release|Any CPU
		{8C7C2629-7616-48AE-9261-E4B6835AD5FC}.Release|Any CPU.Build.0 = Release|Any CPU
	EndGlobalSection
	GlobalSection(SolutionProperties) = preSolution
		HideSolutionNode = FALSE
	EndGlobalSection
	GlobalSection(ExtensibilityGlobals) = postSolution
		SolutionGuid = {ECBA3705-D6E2-4953-B7E0-54EAC9184CBF}
	EndGlobalSection
EndGlobal
