
Microsoft Visual Studio Solution File, Format Version 12.00
# Visual Studio Version 17
VisualStudioVersion = 17.6.33815.320
MinimumVisualStudioVersion = 10.0.40219.1
Project("{FAE04EC0-301F-11D3-BF4B-00C04F79EFBC}") = "ZooMap", "ZooMap.csproj", "{B0376264-8BF4-4EBC-9602-C4A34A06C3F2}"
EndProject
Project("{FAE04EC0-301F-11D3-BF4B-00C04F79EFBC}") = "ShowAnimals", "..\ShowAnimals\ShowAnimals.csproj", "{99CCF84A-920F-4A9F-B1BA-C861EE6D62B8}"
EndProject
Global
	GlobalSection(SolutionConfigurationPlatforms) = preSolution
		Debug|Any CPU = Debug|Any CPU
		Release|Any CPU = Release|Any CPU
	EndGlobalSection
	GlobalSection(ProjectConfigurationPlatforms) = postSolution
		{B0376264-8BF4-4EBC-9602-C4A34A06C3F2}.Debug|Any CPU.ActiveCfg = Debug|Any CPU
		{B0376264-8BF4-4EBC-9602-C4A34A06C3F2}.Debug|Any CPU.Build.0 = Debug|Any CPU
		{B0376264-8BF4-4EBC-9602-C4A34A06C3F2}.Release|Any CPU.ActiveCfg = Release|Any CPU
		{B0376264-8BF4-4EBC-9602-C4A34A06C3F2}.Release|Any CPU.Build.0 = Release|Any CPU
		{99CCF84A-920F-4A9F-B1BA-C861EE6D62B8}.Debug|Any CPU.ActiveCfg = Debug|Any CPU
		{99CCF84A-920F-4A9F-B1BA-C861EE6D62B8}.Debug|Any CPU.Build.0 = Debug|Any CPU
		{99CCF84A-920F-4A9F-B1BA-C861EE6D62B8}.Release|Any CPU.ActiveCfg = Release|Any CPU
		{99CCF84A-920F-4A9F-B1BA-C861EE6D62B8}.Release|Any CPU.Build.0 = Release|Any CPU
	EndGlobalSection
	GlobalSection(SolutionProperties) = preSolution
		HideSolutionNode = FALSE
	EndGlobalSection
	GlobalSection(ExtensibilityGlobals) = postSolution
		SolutionGuid = {0DB73C62-002D-404E-8213-59DF0309CC11}
	EndGlobalSection
EndGlobal
