
Microsoft Visual Studio Solution File, Format Version 12.00
# Visual Studio Version 17
VisualStudioVersion = 17.6.33815.320
MinimumVisualStudioVersion = 10.0.40219.1
Project("{FAE04EC0-301F-11D3-BF4B-00C04F79EFBC}") = "RegularExpressionTest", "RegularExpressionTest.csproj", "{0A6EA603-84F8-4698-93B0-CB85C763B739}"
EndProject
Global
	GlobalSection(SolutionConfigurationPlatforms) = preSolution
		Debug|Any CPU = Debug|Any CPU
		Release|Any CPU = Release|Any CPU
	EndGlobalSection
	GlobalSection(ProjectConfigurationPlatforms) = postSolution
		{0A6EA603-84F8-4698-93B0-CB85C763B739}.Debug|Any CPU.ActiveCfg = Debug|Any CPU
		{0A6EA603-84F8-4698-93B0-CB85C763B739}.Debug|Any CPU.Build.0 = Debug|Any CPU
		{0A6EA603-84F8-4698-93B0-CB85C763B739}.Release|Any CPU.ActiveCfg = Release|Any CPU
		{0A6EA603-84F8-4698-93B0-CB85C763B739}.Release|Any CPU.Build.0 = Release|Any CPU
	EndGlobalSection
	GlobalSection(SolutionProperties) = preSolution
		HideSolutionNode = FALSE
	EndGlobalSection
	GlobalSection(ExtensibilityGlobals) = postSolution
		SolutionGuid = {9FA78E2C-DE2E-4605-97F9-AD1550E60743}
	EndGlobalSection
EndGlobal
