
Microsoft Visual Studio Solution File, Format Version 12.00
# Visual Studio Version 17
VisualStudioVersion = 17.6.33815.320
MinimumVisualStudioVersion = 10.0.40219.1
Project("{FAE04EC0-301F-11D3-BF4B-00C04F79EFBC}") = "MutexA", "MutexA.csproj", "{FFCAD510-6D3B-4432-9D09-7FB1A9EEE58A}"
EndProject
Global
	GlobalSection(SolutionConfigurationPlatforms) = preSolution
		Debug|Any CPU = Debug|Any CPU
		Release|Any CPU = Release|Any CPU
	EndGlobalSection
	GlobalSection(ProjectConfigurationPlatforms) = postSolution
		{FFCAD510-6D3B-4432-9D09-7FB1A9EEE58A}.Debug|Any CPU.ActiveCfg = Debug|Any CPU
		{FFCAD510-6D3B-4432-9D09-7FB1A9EEE58A}.Debug|Any CPU.Build.0 = Debug|Any CPU
		{FFCAD510-6D3B-4432-9D09-7FB1A9EEE58A}.Release|Any CPU.ActiveCfg = Release|Any CPU
		{FFCAD510-6D3B-4432-9D09-7FB1A9EEE58A}.Release|Any CPU.Build.0 = Release|Any CPU
	EndGlobalSection
	GlobalSection(SolutionProperties) = preSolution
		HideSolutionNode = FALSE
	EndGlobalSection
	GlobalSection(ExtensibilityGlobals) = postSolution
		SolutionGuid = {4A8BB064-12EF-471C-81E2-43FBE0CDFC26}
	EndGlobalSection
EndGlobal
