
Microsoft Visual Studio Solution File, Format Version 12.00
# Visual Studio Version 17
VisualStudioVersion = 17.6.33815.320
MinimumVisualStudioVersion = 10.0.40219.1
Project("{FAE04EC0-301F-11D3-BF4B-00C04F79EFBC}") = "ThreadTest", "ThreadTest.csproj", "{EA3E1EE2-D51A-4FA5-97F1-7A3540340B1E}"
EndProject
Global
	GlobalSection(SolutionConfigurationPlatforms) = preSolution
		Debug|Any CPU = Debug|Any CPU
		Release|Any CPU = Release|Any CPU
	EndGlobalSection
	GlobalSection(ProjectConfigurationPlatforms) = postSolution
		{EA3E1EE2-D51A-4FA5-97F1-7A3540340B1E}.Debug|Any CPU.ActiveCfg = Debug|Any CPU
		{EA3E1EE2-D51A-4FA5-97F1-7A3540340B1E}.Debug|Any CPU.Build.0 = Debug|Any CPU
		{EA3E1EE2-D51A-4FA5-97F1-7A3540340B1E}.Release|Any CPU.ActiveCfg = Release|Any CPU
		{EA3E1EE2-D51A-4FA5-97F1-7A3540340B1E}.Release|Any CPU.Build.0 = Release|Any CPU
	EndGlobalSection
	GlobalSection(SolutionProperties) = preSolution
		HideSolutionNode = FALSE
	EndGlobalSection
	GlobalSection(ExtensibilityGlobals) = postSolution
		SolutionGuid = {308EA2A9-CE81-4B2E-9707-44F014ADA175}
	EndGlobalSection
EndGlobal
