
Microsoft Visual Studio Solution File, Format Version 12.00
# Visual Studio Version 17
VisualStudioVersion = 17.6.33815.320
MinimumVisualStudioVersion = 10.0.40219.1
Project("{FAE04EC0-301F-11D3-BF4B-00C04F79EFBC}") = "WinFormsApp1", "WinFormsApp1\WinFormsApp1.csproj", "{72C15DD1-EF0D-4885-9A67-1B3F2E8E9877}"
EndProject
Global
	GlobalSection(SolutionConfigurationPlatforms) = preSolution
		Debug|Any CPU = Debug|Any CPU
		Release|Any CPU = Release|Any CPU
	EndGlobalSection
	GlobalSection(ProjectConfigurationPlatforms) = postSolution
		{72C15DD1-EF0D-4885-9A67-1B3F2E8E9877}.Debug|Any CPU.ActiveCfg = Debug|Any CPU
		{72C15DD1-EF0D-4885-9A67-1B3F2E8E9877}.Debug|Any CPU.Build.0 = Debug|Any CPU
		{72C15DD1-EF0D-4885-9A67-1B3F2E8E9877}.Release|Any CPU.ActiveCfg = Release|Any CPU
		{72C15DD1-EF0D-4885-9A67-1B3F2E8E9877}.Release|Any CPU.Build.0 = Release|Any CPU
	EndGlobalSection
	GlobalSection(SolutionProperties) = preSolution
		HideSolutionNode = FALSE
	EndGlobalSection
	GlobalSection(ExtensibilityGlobals) = postSolution
		SolutionGuid = {3FA8354E-1222-4331-9CA1-7C31630C0723}
	EndGlobalSection
EndGlobal
