
Microsoft Visual Studio Solution File, Format Version 12.00
# Visual Studio Version 17
VisualStudioVersion = 17.6.33815.320
MinimumVisualStudioVersion = 10.0.40219.1
Project("{FAE04EC0-301F-11D3-BF4B-00C04F79EFBC}") = "PathTest", "PathTest.csproj", "{89BD97DE-6FF6-4796-BE09-1269BD3832EB}"
EndProject
Global
	GlobalSection(SolutionConfigurationPlatforms) = preSolution
		Debug|Any CPU = Debug|Any CPU
		Release|Any CPU = Release|Any CPU
	EndGlobalSection
	GlobalSection(ProjectConfigurationPlatforms) = postSolution
		{89BD97DE-6FF6-4796-BE09-1269BD3832EB}.Debug|Any CPU.ActiveCfg = Debug|Any CPU
		{89BD97DE-6FF6-4796-BE09-1269BD3832EB}.Debug|Any CPU.Build.0 = Debug|Any CPU
		{89BD97DE-6FF6-4796-BE09-1269BD3832EB}.Release|Any CPU.ActiveCfg = Release|Any CPU
		{89BD97DE-6FF6-4796-BE09-1269BD3832EB}.Release|Any CPU.Build.0 = Release|Any CPU
	EndGlobalSection
	GlobalSection(SolutionProperties) = preSolution
		HideSolutionNode = FALSE
	EndGlobalSection
	GlobalSection(ExtensibilityGlobals) = postSolution
		SolutionGuid = {7D08013B-4484-463E-9347-EC283DF7818B}
	EndGlobalSection
EndGlobal
