
Microsoft Visual Studio Solution File, Format Version 12.00
# Visual Studio Version 17
VisualStudioVersion = 17.6.33815.320
MinimumVisualStudioVersion = 10.0.40219.1
Project("{FAE04EC0-301F-11D3-BF4B-00C04F79EFBC}") = "StreamTest", "StreamTest.csproj", "{6EE586A6-C661-400C-84E5-DE4A582C6A8B}"
EndProject
Global
	GlobalSection(SolutionConfigurationPlatforms) = preSolution
		Debug|Any CPU = Debug|Any CPU
		Release|Any CPU = Release|Any CPU
	EndGlobalSection
	GlobalSection(ProjectConfigurationPlatforms) = postSolution
		{6EE586A6-C661-400C-84E5-DE4A582C6A8B}.Debug|Any CPU.ActiveCfg = Debug|Any CPU
		{6EE586A6-C661-400C-84E5-DE4A582C6A8B}.Debug|Any CPU.Build.0 = Debug|Any CPU
		{6EE586A6-C661-400C-84E5-DE4A582C6A8B}.Release|Any CPU.ActiveCfg = Release|Any CPU
		{6EE586A6-C661-400C-84E5-DE4A582C6A8B}.Release|Any CPU.Build.0 = Release|Any CPU
	EndGlobalSection
	GlobalSection(SolutionProperties) = preSolution
		HideSolutionNode = FALSE
	EndGlobalSection
	GlobalSection(ExtensibilityGlobals) = postSolution
		SolutionGuid = {4AB84D39-A6DB-44EC-9BC6-097FF9491C23}
	EndGlobalSection
EndGlobal
